
Microsoft Visual Studio Solution File, Format Version 12.00
# Visual Studio Version 17
VisualStudioVersion = 17.5.002.0
MinimumVisualStudioVersion = 10.0.40219.1
Project("{9A19103F-16F7-4668-BE54-9A1E7A4F7556}") = "MergeSort", "MergeSort.csproj", "{BB794A9B-2483-4081-A374-A7C9C5068E5A}"
EndProject
Global
	GlobalSection(SolutionConfigurationPlatforms) = preSolution
		Debug|Any CPU = Debug|Any CPU
		Release|Any CPU = Release|Any CPU
	EndGlobalSection
	GlobalSection(ProjectConfigurationPlatforms) = postSolution
		{BB794A9B-2483-4081-A374-A7C9C5068E5A}.Debug|Any CPU.ActiveCfg = Debug|Any CPU
		{BB794A9B-2483-4081-A374-A7C9C5068E5A}.Debug|Any CPU.Build.0 = Debug|Any CPU
		{BB794A9B-2483-4081-A374-A7C9C5068E5A}.Release|Any CPU.ActiveCfg = Release|Any CPU
		{BB794A9B-2483-4081-A374-A7C9C5068E5A}.Release|Any CPU.Build.0 = Release|Any CPU
	EndGlobalSection
	GlobalSection(SolutionProperties) = preSolution
		HideSolutionNode = FALSE
	EndGlobalSection
	GlobalSection(ExtensibilityGlobals) = postSolution
		SolutionGuid = {EE961E71-223E-4B7D-9D66-BF94F006A96D}
	EndGlobalSection
EndGlobal
